
Microsoft Visual Studio Solution File, Format Version 12.00
# Visual Studio Version 16
VisualStudioVersion = 16.0.29209.62
MinimumVisualStudioVersion = 10.0.40219.1
Project("{FAE04EC0-301F-11D3-BF4B-00C04F79EFBC}") = "MID", "MID\MID.csproj", "{9ED0FD81-0909-47D1-A8C2-5B14D2F2486F}"
EndProject
Global
	GlobalSection(SolutionConfigurationPlatforms) = preSolution
		Debug|Any CPU = Debug|Any CPU
		Release|Any CPU = Release|Any CPU
	EndGlobalSection
	GlobalSection(ProjectConfigurationPlatforms) = postSolution
		{9ED0FD81-0909-47D1-A8C2-5B14D2F2486F}.Debug|Any CPU.ActiveCfg = Debug|Any CPU
		{9ED0FD81-0909-47D1-A8C2-5B14D2F2486F}.Debug|Any CPU.Build.0 = Debug|Any CPU
		{9ED0FD81-0909-47D1-A8C2-5B14D2F2486F}.Release|Any CPU.ActiveCfg = Release|Any CPU
		{9ED0FD81-0909-47D1-A8C2-5B14D2F2486F}.Release|Any CPU.Build.0 = Release|Any CPU
	EndGlobalSection
	GlobalSection(SolutionProperties) = preSolution
		HideSolutionNode = FALSE
	EndGlobalSection
	GlobalSection(ExtensibilityGlobals) = postSolution
		SolutionGuid = {9216028F-C1FC-4A1B-AC5A-5DEE5CD1072F}
	EndGlobalSection
EndGlobal
